
Microsoft Visual Studio Solution File, Format Version 12.00
# Visual Studio Version 16
VisualStudioVersion = 16.0.29613.14
MinimumVisualStudioVersion = 10.0.40219.1
Project("{FAE04EC0-301F-11D3-BF4B-00C04F79EFBC}") = "UC13GA", "UC13GA\UC13GA.csproj", "{7E1CFD57-C280-4625-92AF-C18C9F48862F}"
EndProject
Global
	GlobalSection(SolutionConfigurationPlatforms) = preSolution
		Debug|Any CPU = Debug|Any CPU
		Release|Any CPU = Release|Any CPU
	EndGlobalSection
	GlobalSection(ProjectConfigurationPlatforms) = postSolution
		{7E1CFD57-C280-4625-92AF-C18C9F48862F}.Debug|Any CPU.ActiveCfg = Debug|Any CPU
		{7E1CFD57-C280-4625-92AF-C18C9F48862F}.Debug|Any CPU.Build.0 = Debug|Any CPU
		{7E1CFD57-C280-4625-92AF-C18C9F48862F}.Release|Any CPU.ActiveCfg = Release|Any CPU
		{7E1CFD57-C280-4625-92AF-C18C9F48862F}.Release|Any CPU.Build.0 = Release|Any CPU
	EndGlobalSection
	GlobalSection(SolutionProperties) = preSolution
		HideSolutionNode = FALSE
	EndGlobalSection
	GlobalSection(ExtensibilityGlobals) = postSolution
		SolutionGuid = {D544173E-EED5-4882-8D19-61BF84EF1878}
	EndGlobalSection
EndGlobal
